
Microsoft Visual Studio Solution File, Format Version 12.00
# Visual Studio Version 17
VisualStudioVersion = 17.14.37314.3 d17.14
MinimumVisualStudioVersion = 10.0.40219.1
Project("{FAE04EC0-301F-11D3-BF4B-00C04F79EFBC}") = "Panaderia.WebApi", "Panaderia\Panaderia.WebApi.csproj", "{8119D1BF-F311-4D76-B5AE-0D08BF67B623}"
EndProject
Project("{2150E333-8FDC-42A3-9474-1A3956D46DE8}") = "core", "core", "{02EA681E-C7D8-13C7-8484-4AC65E1B71E8}"
EndProject
Project("{2150E333-8FDC-42A3-9474-1A3956D46DE8}") = "infrastructure", "infrastructure", "{91C3BDE2-190F-4FE0-BF09-33A047614A73}"
EndProject
Project("{2150E333-8FDC-42A3-9474-1A3956D46DE8}") = "presentation", "presentation", "{E0197EA2-7855-4DBF-8E9A-F8EE6BFDE045}"
EndProject
Project("{2150E333-8FDC-42A3-9474-1A3956D46DE8}") = "panaderia-app", "panaderia-app", "{499F442E-AAC9-4253-8163-28FD8BB05721}"
EndProject
Project("{FAE04EC0-301F-11D3-BF4B-00C04F79EFBC}") = "Panaderia.Domain", "Panaderia.Domain\Panaderia.Domain.csproj", "{9F0EA8D5-7473-4645-918B-D0898194FD2D}"
EndProject
Project("{FAE04EC0-301F-11D3-BF4B-00C04F79EFBC}") = "Panaderia.Application", "Panaderia.Application\Panaderia.Application.csproj", "{49D31683-7770-4D28-B7BF-E6EE2F8E196C}"
EndProject
Project("{FAE04EC0-301F-11D3-BF4B-00C04F79EFBC}") = "Panaderia.Infrastructure.EntityFramework", "Panaderia.Infrastructure.EntityFramework\Panaderia.Infrastructure.EntityFramework.csproj", "{F7C2B10C-A60D-48D1-9DB2-8422E00B41F6}"
EndProject
Global
	GlobalSection(SolutionConfigurationPlatforms) = preSolution
		Debug|Any CPU = Debug|Any CPU
		Release|Any CPU = Release|Any CPU
	EndGlobalSection
	GlobalSection(ProjectConfigurationPlatforms) = postSolution
		{8119D1BF-F311-4D76-B5AE-0D08BF67B623}.Debug|Any CPU.ActiveCfg = Debug|Any CPU
		{8119D1BF-F311-4D76-B5AE-0D08BF67B623}.Debug|Any CPU.Build.0 = Debug|Any CPU
		{8119D1BF-F311-4D76-B5AE-0D08BF67B623}.Release|Any CPU.ActiveCfg = Release|Any CPU
		{8119D1BF-F311-4D76-B5AE-0D08BF67B623}.Release|Any CPU.Build.0 = Release|Any CPU
		{9F0EA8D5-7473-4645-918B-D0898194FD2D}.Debug|Any CPU.ActiveCfg = Debug|Any CPU
		{9F0EA8D5-7473-4645-918B-D0898194FD2D}.Debug|Any CPU.Build.0 = Debug|Any CPU
		{9F0EA8D5-7473-4645-918B-D0898194FD2D}.Release|Any CPU.ActiveCfg = Release|Any CPU
		{9F0EA8D5-7473-4645-918B-D0898194FD2D}.Release|Any CPU.Build.0 = Release|Any CPU
		{49D31683-7770-4D28-B7BF-E6EE2F8E196C}.Debug|Any CPU.ActiveCfg = Debug|Any CPU
		{49D31683-7770-4D28-B7BF-E6EE2F8E196C}.Debug|Any CPU.Build.0 = Debug|Any CPU
		{49D31683-7770-4D28-B7BF-E6EE2F8E196C}.Release|Any CPU.ActiveCfg = Release|Any CPU
		{49D31683-7770-4D28-B7BF-E6EE2F8E196C}.Release|Any CPU.Build.0 = Release|Any CPU
		{F7C2B10C-A60D-48D1-9DB2-8422E00B41F6}.Debug|Any CPU.ActiveCfg = Debug|Any CPU
		{F7C2B10C-A60D-48D1-9DB2-8422E00B41F6}.Debug|Any CPU.Build.0 = Debug|Any CPU
		{F7C2B10C-A60D-48D1-9DB2-8422E00B41F6}.Release|Any CPU.ActiveCfg = Release|Any CPU
		{F7C2B10C-A60D-48D1-9DB2-8422E00B41F6}.Release|Any CPU.Build.0 = Release|Any CPU
	EndGlobalSection
	GlobalSection(SolutionProperties) = preSolution
		HideSolutionNode = FALSE
	EndGlobalSection
	GlobalSection(NestedProjects) = preSolution
		{8119D1BF-F311-4D76-B5AE-0D08BF67B623} = {E0197EA2-7855-4DBF-8E9A-F8EE6BFDE045}
		{9F0EA8D5-7473-4645-918B-D0898194FD2D} = {02EA681E-C7D8-13C7-8484-4AC65E1B71E8}
		{49D31683-7770-4D28-B7BF-E6EE2F8E196C} = {02EA681E-C7D8-13C7-8484-4AC65E1B71E8}
		{F7C2B10C-A60D-48D1-9DB2-8422E00B41F6} = {91C3BDE2-190F-4FE0-BF09-33A047614A73}
	EndGlobalSection
	GlobalSection(ExtensibilityGlobals) = postSolution
		SolutionGuid = {74CA9D85-063F-4451-B8A2-ABC38A6FC6C5}
	EndGlobalSection
EndGlobal
